
Microsoft Visual Studio Solution File, Format Version 12.00
# Visual Studio Version 17
VisualStudioVersion = 17.3.32922.545
MinimumVisualStudioVersion = 10.0.40219.1
Project("{9A19103F-16F7-4668-BE54-9A1E7A4F7556}") = "XUnitProject", "TimiTest\XUnitProject.csproj", "{576A451E-B92C-4194-AC3A-2094380C92DE}"
EndProject
Project("{9A19103F-16F7-4668-BE54-9A1E7A4F7556}") = "xUnitTest", "xUnitTest\xUnitTest.csproj", "{7BE595E0-1FDB-411D-A9DB-FCD2BA2DCCB4}"
EndProject
Global
	GlobalSection(SolutionConfigurationPlatforms) = preSolution
		Debug|Any CPU = Debug|Any CPU
		Release|Any CPU = Release|Any CPU
	EndGlobalSection
	GlobalSection(ProjectConfigurationPlatforms) = postSolution
		{576A451E-B92C-4194-AC3A-2094380C92DE}.Debug|Any CPU.ActiveCfg = Debug|Any CPU
		{576A451E-B92C-4194-AC3A-2094380C92DE}.Debug|Any CPU.Build.0 = Debug|Any CPU
		{576A451E-B92C-4194-AC3A-2094380C92DE}.Release|Any CPU.ActiveCfg = Release|Any CPU
		{576A451E-B92C-4194-AC3A-2094380C92DE}.Release|Any CPU.Build.0 = Release|Any CPU
		{7BE595E0-1FDB-411D-A9DB-FCD2BA2DCCB4}.Debug|Any CPU.ActiveCfg = Debug|Any CPU
		{7BE595E0-1FDB-411D-A9DB-FCD2BA2DCCB4}.Debug|Any CPU.Build.0 = Debug|Any CPU
		{7BE595E0-1FDB-411D-A9DB-FCD2BA2DCCB4}.Release|Any CPU.ActiveCfg = Release|Any CPU
		{7BE595E0-1FDB-411D-A9DB-FCD2BA2DCCB4}.Release|Any CPU.Build.0 = Release|Any CPU
	EndGlobalSection
	GlobalSection(SolutionProperties) = preSolution
		HideSolutionNode = FALSE
	EndGlobalSection
	GlobalSection(ExtensibilityGlobals) = postSolution
		SolutionGuid = {DCC5C136-F5F5-40B0-A83F-6A81B7DDFF01}
	EndGlobalSection
EndGlobal
